
Microsoft Visual Studio Solution File, Format Version 12.00
# Visual Studio Express 2012 for Windows Desktop
Project("{FAE04EC0-301F-11D3-BF4B-00C04F79EFBC}") = "Layouts", "Layouts\Layouts.csproj", "{E697C3B6-50AF-41D2-9DED-4AB7B5E0F10B}"
EndProject
Project("{FAE04EC0-301F-11D3-BF4B-00C04F79EFBC}") = "Model", "Model\Model.csproj", "{6F3D3B71-E2E2-4725-83F3-C9DCE1DE90C9}"
EndProject
Project("{FAE04EC0-301F-11D3-BF4B-00C04F79EFBC}") = "DataBinding", "DataBinding\DataBinding.csproj", "{6CE77374-C3EC-4B16-86CE-AD227065CEF4}"
EndProject
Project("{FAE04EC0-301F-11D3-BF4B-00C04F79EFBC}") = "Collections", "Collections\Collections.csproj", "{E02CDB90-08E2-4429-9B6D-05E0FD9FCD38}"
EndProject
Project("{FAE04EC0-301F-11D3-BF4B-00C04F79EFBC}") = "DependencyProperties", "DependencyProperties\DependencyProperties.csproj", "{6F3E62E8-8497-4D88-8F02-52FE1F1E2665}"
EndProject
Project("{FAE04EC0-301F-11D3-BF4B-00C04F79EFBC}") = "NoWPF", "NoWPF\NoWPF.csproj", "{11181518-FFC9-43A4-A79C-889E6AE927C8}"
EndProject
Project("{FAE04EC0-301F-11D3-BF4B-00C04F79EFBC}") = "Xaml", "Xaml\Xaml.csproj", "{6243D140-E719-421E-9124-6B8DEF1AE493}"
EndProject
Project("{FAE04EC0-301F-11D3-BF4B-00C04F79EFBC}") = "GradeChooser", "GradeChooser\GradeChooser.csproj", "{90993D9C-5BAC-4F17-B599-F46B035698EB}"
EndProject
Project("{FAE04EC0-301F-11D3-BF4B-00C04F79EFBC}") = "SearchForm", "SearchForm\SearchForm.csproj", "{FE0C0849-6D4F-478B-B986-1CED68E9BE16}"
EndProject
Project("{2150E333-8FDC-42A3-9474-1A3956D46DE8}") = "Chess", "Chess", "{C0A64DA4-3D16-43D3-8EC0-5890D0DE2FB7}"
EndProject
Project("{FAE04EC0-301F-11D3-BF4B-00C04F79EFBC}") = "Chess.Engine", "ChessEngine\Chess.Engine.csproj", "{803E723A-FCA8-410C-8D89-649A096288CD}"
EndProject
Project("{FAE04EC0-301F-11D3-BF4B-00C04F79EFBC}") = "Chess.Model", "ChessModel\Chess.Model.csproj", "{3B940FC5-9EAA-4990-AE22-BA0DCB0B204C}"
EndProject
Project("{FAE04EC0-301F-11D3-BF4B-00C04F79EFBC}") = "Chess.UI.Console", "ConsoleChessGame\Chess.UI.Console.csproj", "{DAD62D6D-C222-4630-9379-3DC2AD5F61D9}"
EndProject
Project("{FAE04EC0-301F-11D3-BF4B-00C04F79EFBC}") = "Chess.Tests", "Chess.Tests\Chess.Tests.csproj", "{AF6EC9F7-5DBB-44E9-A591-9AC584617907}"
EndProject
Project("{FAE04EC0-301F-11D3-BF4B-00C04F79EFBC}") = "Chess.UI.WPF", "Chess.UI.WPF\Chess.UI.WPF.csproj", "{B8DBE82D-5A42-4A7F-A46E-86C9CBAA326E}"
EndProject
Project("{FAE04EC0-301F-11D3-BF4B-00C04F79EFBC}") = "Visibility", "Visibility\Visibility.csproj", "{4D98A961-4C32-45F5-90B2-6CDB277957A4}"
EndProject
Project("{FAE04EC0-301F-11D3-BF4B-00C04F79EFBC}") = "HorizontalAlignment", "Alignment\HorizontalAlignment.csproj", "{71EC7311-5EFA-4602-81B9-D36A4A85E834}"
EndProject
Project("{FAE04EC0-301F-11D3-BF4B-00C04F79EFBC}") = "VerticalAlignment", "VerticalAlignment\VerticalAlignment.csproj", "{77BB1638-F0B1-47A4-B206-D82677BC94A9}"
EndProject
Project("{FAE04EC0-301F-11D3-BF4B-00C04F79EFBC}") = "Transforms", "Transforms\Transforms.csproj", "{12C3F393-AC34-4A54-B6F8-5E61E3EDFF52}"
EndProject
Project("{FAE04EC0-301F-11D3-BF4B-00C04F79EFBC}") = "WindowsAndMessageBoxes", "WindowsAndMessageBoxes\WindowsAndMessageBoxes.csproj", "{3A566697-F1CE-4602-973B-677F597D5E19}"
EndProject
Project("{FAE04EC0-301F-11D3-BF4B-00C04F79EFBC}") = "WindowsAndMessagesBoxesFromScratch", "WindowsAndMessagesBoxesFromScratch\WindowsAndMessagesBoxesFromScratch.csproj", "{A08560F5-301F-4986-AF60-A4D879003E79}"
EndProject
Project("{FAE04EC0-301F-11D3-BF4B-00C04F79EFBC}") = "ProtectedTextBox", "ProtectedTextBox\ProtectedTextBox.csproj", "{75F01488-5515-4908-AE2A-2DC85752834B}"
EndProject
Project("{FAE04EC0-301F-11D3-BF4B-00C04F79EFBC}") = "AttachedEvents", "AttachedEvents\AttachedEvents.csproj", "{9104B5CE-1E02-45B8-9957-05C33BA77A6A}"
EndProject
Project("{FAE04EC0-301F-11D3-BF4B-00C04F79EFBC}") = "KeyboardEvents", "KeyboardEvents\KeyboardEvents.csproj", "{1087C9EF-DB20-44C6-81F5-79298B2D440A}"
EndProject
Project("{FAE04EC0-301F-11D3-BF4B-00C04F79EFBC}") = "MouseEvents", "MouseEvents\MouseEvents.csproj", "{82499B55-AD9F-4731-B2B8-94381E0FAFC6}"
EndProject
Project("{FAE04EC0-301F-11D3-BF4B-00C04F79EFBC}") = "ScaleTransform", "ScaleTransform\ScaleTransform.csproj", "{8D37E87D-B5E2-4E39-A260-01E40FA03104}"
EndProject
Project("{FAE04EC0-301F-11D3-BF4B-00C04F79EFBC}") = "DragAndDrop", "DragAndDrop\DragAndDrop.csproj", "{86AEFC03-A049-406E-9D57-95622162A412}"
EndProject
Project("{FAE04EC0-301F-11D3-BF4B-00C04F79EFBC}") = "Commands", "Commands\Commands.csproj", "{13312A4D-8A11-4E1B-B42A-1FC73472B6E4}"
EndProject
Project("{FAE04EC0-301F-11D3-BF4B-00C04F79EFBC}") = "FocusScope", "FocusScope\FocusScope.csproj", "{6829655B-2410-4F7C-B11A-D626BA8DB0F1}"
EndProject
Project("{FAE04EC0-301F-11D3-BF4B-00C04F79EFBC}") = "SingletonApplication", "SingletonApplication\SingletonApplication.csproj", "{033E4362-688B-4EF5-B875-9D7A579D7FCD}"
EndProject
Project("{FAE04EC0-301F-11D3-BF4B-00C04F79EFBC}") = "Navigation", "Navigation\Navigation.csproj", "{017E0640-47AF-43DA-9067-A0CA4C41B0A8}"
EndProject
Project("{FAE04EC0-301F-11D3-BF4B-00C04F79EFBC}") = "NoChromeWindow", "NoChromeWindow\NoChromeWindow.csproj", "{79EF5181-0E30-4E63-B666-BD1C38B71ACD}"
EndProject
Project("{FAE04EC0-301F-11D3-BF4B-00C04F79EFBC}") = "DefaultButton", "DefaultButton\DefaultButton.csproj", "{8F799820-4B62-4B91-A1A2-4B1237F0C269}"
EndProject
Project("{FAE04EC0-301F-11D3-BF4B-00C04F79EFBC}") = "RepeatButton", "RepeatButton\RepeatButton.csproj", "{8D90867A-3737-42BB-BF26-3C73ACC9B725}"
EndProject
Project("{FAE04EC0-301F-11D3-BF4B-00C04F79EFBC}") = "Label", "Label\Label.csproj", "{D64316C1-A558-4951-8F7B-A0407D5E665B}"
EndProject
Project("{FAE04EC0-301F-11D3-BF4B-00C04F79EFBC}") = "DisplayMemberPath", "DisplayMemberPath\DisplayMemberPath.csproj", "{8615C901-97FF-457C-BF6E-7B67E5976DE7}"
EndProject
Project("{FAE04EC0-301F-11D3-BF4B-00C04F79EFBC}") = "Scrolling", "Scrolling\Scrolling.csproj", "{3496D2D7-9236-4894-A74F-BE5867A34627}"
EndProject
Project("{FAE04EC0-301F-11D3-BF4B-00C04F79EFBC}") = "TextFormattingMode", "TextFormattingMode\TextFormattingMode.csproj", "{68867219-CB62-42B9-A0B8-2B0F7ADB406E}"
EndProject
Project("{FAE04EC0-301F-11D3-BF4B-00C04F79EFBC}") = "DatePicker", "DatePicker\DatePicker.csproj", "{05452AE9-A8D2-4BE0-A439-2524F2A4EDE9}"
EndProject
Project("{FAE04EC0-301F-11D3-BF4B-00C04F79EFBC}") = "VisualParentUnicity", "VisualParentUnicity\VisualParentUnicity.csproj", "{3CE800EC-8E59-4232-9EF1-8FF5D2CCC952}"
EndProject
Project("{FAE04EC0-301F-11D3-BF4B-00C04F79EFBC}") = "MergedDictionaries", "MergedDictionaries\MergedDictionaries.csproj", "{E3574A0B-289A-4658-94FE-5E566454555B}"
EndProject
Project("{FAE04EC0-301F-11D3-BF4B-00C04F79EFBC}") = "SystemResources", "SystemResources\SystemResources.csproj", "{681C1695-C6F1-48F5-92E2-A20AEEF4541C}"
EndProject
Project("{FAE04EC0-301F-11D3-BF4B-00C04F79EFBC}") = "IsSynchronizedWithCurrentItem", "IsSynchronizedWithCurrentItem\IsSynchronizedWithCurrentItem.csproj", "{753A5294-CB9E-49D5-BB3B-793F78D572D2}"
EndProject
Project("{FAE04EC0-301F-11D3-BF4B-00C04F79EFBC}") = "DataContext", "DataContext\DataContext.csproj", "{DF125958-E035-4ED0-A7D1-2B1B30472CA5}"
EndProject
Project("{FAE04EC0-301F-11D3-BF4B-00C04F79EFBC}") = "ArrayElementBinding", "ArrayElementBinding\ArrayElementBinding.csproj", "{D661C3D6-0025-4F32-A5CF-D7522A1516E3}"
EndProject
Project("{FAE04EC0-301F-11D3-BF4B-00C04F79EFBC}") = "BindingStringFormat", "BindingStringFormat\BindingStringFormat.csproj", "{C3E586CC-7C87-49E1-9E1F-260A344A4015}"
EndProject
Project("{FAE04EC0-301F-11D3-BF4B-00C04F79EFBC}") = "StringFormat", "StringFormat\StringFormat.csproj", "{2F669123-FE2F-4B40-AB66-3362DD4D34E0}"
EndProject
Project("{FAE04EC0-301F-11D3-BF4B-00C04F79EFBC}") = "CollectionViews", "CollectionViews\CollectionViews.csproj", "{7B5A0EF1-C7DD-47CB-9B9F-CEFF689E63CD}"
EndProject
Project("{FAE04EC0-301F-11D3-BF4B-00C04F79EFBC}") = "CollectionViewsPropertyGroups", "CollectionViewsPropertyGroups\CollectionViewsPropertyGroups.csproj", "{9681153B-2EA8-46FE-846C-55E8442DA2DB}"
EndProject
Project("{FAE04EC0-301F-11D3-BF4B-00C04F79EFBC}") = "Path", "Path\Path.csproj", "{00522C59-D3CB-4E0A-8136-2B19961657F1}"
EndProject
Project("{FAE04EC0-301F-11D3-BF4B-00C04F79EFBC}") = "ControlTemplate", "ControlTemplate\ControlTemplate.csproj", "{20FCA752-E587-419A-837E-764939393B9D}"
EndProject
Project("{FAE04EC0-301F-11D3-BF4B-00C04F79EFBC}") = "DataBindingDelay", "DataBindingDelay\DataBindingDelay.csproj", "{06DDB042-93BB-4C29-9498-70FB323443EA}"
EndProject
Project("{FAE04EC0-301F-11D3-BF4B-00C04F79EFBC}") = "NameScopes", "NameScopes\NameScopes.csproj", "{FACB543A-3131-4A14-BC19-3D7A67F82D62}"
EndProject
Project("{FAE04EC0-301F-11D3-BF4B-00C04F79EFBC}") = "AttachedBehavior", "AttachedBehavior\AttachedBehavior.csproj", "{A8E0A69A-536B-40AF-A4E0-74B1217FED71}"
EndProject
Project("{FAE04EC0-301F-11D3-BF4B-00C04F79EFBC}") = "MarkupExtensions", "MarkupExtensions\MarkupExtensions.csproj", "{9BDEE6C8-46B8-468E-A65C-05FE9FEB82B8}"
EndProject
Project("{FAE04EC0-301F-11D3-BF4B-00C04F79EFBC}") = "StaticResources", "StaticResources\StaticResources.csproj", "{E6E080FF-C43F-4145-A236-185823A2310E}"
EndProject
Project("{FAE04EC0-301F-11D3-BF4B-00C04F79EFBC}") = "Assets", "Assets\Assets.csproj", "{0F23A7D4-7B81-4223-854C-F30F6C9EE435}"
EndProject
Project("{FAE04EC0-301F-11D3-BF4B-00C04F79EFBC}") = "Images", "Images\Images.csproj", "{3D2EAF69-9EC9-409E-886A-064117B19E29}"
EndProject
Project("{FAE04EC0-301F-11D3-BF4B-00C04F79EFBC}") = "TabIndex", "TabIndex\TabIndex.csproj", "{19B5C414-F879-4132-9F43-B0077B6D0DE5}"
EndProject
Project("{FAE04EC0-301F-11D3-BF4B-00C04F79EFBC}") = "Animations.Console", "Animations.Console\Animations.Console.csproj", "{DA5A94C4-B6EA-410B-8F71-9D14E991A1FA}"
EndProject
Global
	GlobalSection(SolutionConfigurationPlatforms) = preSolution
		Debug|Any CPU = Debug|Any CPU
		Release|Any CPU = Release|Any CPU
	EndGlobalSection
	GlobalSection(ProjectConfigurationPlatforms) = postSolution
		{E697C3B6-50AF-41D2-9DED-4AB7B5E0F10B}.Debug|Any CPU.ActiveCfg = Debug|Any CPU
		{E697C3B6-50AF-41D2-9DED-4AB7B5E0F10B}.Debug|Any CPU.Build.0 = Debug|Any CPU
		{E697C3B6-50AF-41D2-9DED-4AB7B5E0F10B}.Release|Any CPU.ActiveCfg = Release|Any CPU
		{E697C3B6-50AF-41D2-9DED-4AB7B5E0F10B}.Release|Any CPU.Build.0 = Release|Any CPU
		{6F3D3B71-E2E2-4725-83F3-C9DCE1DE90C9}.Debug|Any CPU.ActiveCfg = Debug|Any CPU
		{6F3D3B71-E2E2-4725-83F3-C9DCE1DE90C9}.Debug|Any CPU.Build.0 = Debug|Any CPU
		{6F3D3B71-E2E2-4725-83F3-C9DCE1DE90C9}.Release|Any CPU.ActiveCfg = Release|Any CPU
		{6F3D3B71-E2E2-4725-83F3-C9DCE1DE90C9}.Release|Any CPU.Build.0 = Release|Any CPU
		{6CE77374-C3EC-4B16-86CE-AD227065CEF4}.Debug|Any CPU.ActiveCfg = Debug|Any CPU
		{6CE77374-C3EC-4B16-86CE-AD227065CEF4}.Debug|Any CPU.Build.0 = Debug|Any CPU
		{6CE77374-C3EC-4B16-86CE-AD227065CEF4}.Release|Any CPU.ActiveCfg = Release|Any CPU
		{6CE77374-C3EC-4B16-86CE-AD227065CEF4}.Release|Any CPU.Build.0 = Release|Any CPU
		{E02CDB90-08E2-4429-9B6D-05E0FD9FCD38}.Debug|Any CPU.ActiveCfg = Debug|Any CPU
		{E02CDB90-08E2-4429-9B6D-05E0FD9FCD38}.Debug|Any CPU.Build.0 = Debug|Any CPU
		{E02CDB90-08E2-4429-9B6D-05E0FD9FCD38}.Release|Any CPU.ActiveCfg = Release|Any CPU
		{E02CDB90-08E2-4429-9B6D-05E0FD9FCD38}.Release|Any CPU.Build.0 = Release|Any CPU
		{6F3E62E8-8497-4D88-8F02-52FE1F1E2665}.Debug|Any CPU.ActiveCfg = Debug|Any CPU
		{6F3E62E8-8497-4D88-8F02-52FE1F1E2665}.Debug|Any CPU.Build.0 = Debug|Any CPU
		{6F3E62E8-8497-4D88-8F02-52FE1F1E2665}.Release|Any CPU.ActiveCfg = Release|Any CPU
		{6F3E62E8-8497-4D88-8F02-52FE1F1E2665}.Release|Any CPU.Build.0 = Release|Any CPU
		{11181518-FFC9-43A4-A79C-889E6AE927C8}.Debug|Any CPU.ActiveCfg = Debug|Any CPU
		{11181518-FFC9-43A4-A79C-889E6AE927C8}.Debug|Any CPU.Build.0 = Debug|Any CPU
		{11181518-FFC9-43A4-A79C-889E6AE927C8}.Release|Any CPU.ActiveCfg = Release|Any CPU
		{11181518-FFC9-43A4-A79C-889E6AE927C8}.Release|Any CPU.Build.0 = Release|Any CPU
		{6243D140-E719-421E-9124-6B8DEF1AE493}.Debug|Any CPU.ActiveCfg = Debug|Any CPU
		{6243D140-E719-421E-9124-6B8DEF1AE493}.Debug|Any CPU.Build.0 = Debug|Any CPU
		{6243D140-E719-421E-9124-6B8DEF1AE493}.Release|Any CPU.ActiveCfg = Release|Any CPU
		{6243D140-E719-421E-9124-6B8DEF1AE493}.Release|Any CPU.Build.0 = Release|Any CPU
		{90993D9C-5BAC-4F17-B599-F46B035698EB}.Debug|Any CPU.ActiveCfg = Debug|Any CPU
		{90993D9C-5BAC-4F17-B599-F46B035698EB}.Debug|Any CPU.Build.0 = Debug|Any CPU
		{90993D9C-5BAC-4F17-B599-F46B035698EB}.Release|Any CPU.ActiveCfg = Release|Any CPU
		{90993D9C-5BAC-4F17-B599-F46B035698EB}.Release|Any CPU.Build.0 = Release|Any CPU
		{FE0C0849-6D4F-478B-B986-1CED68E9BE16}.Debug|Any CPU.ActiveCfg = Debug|Any CPU
		{FE0C0849-6D4F-478B-B986-1CED68E9BE16}.Debug|Any CPU.Build.0 = Debug|Any CPU
		{FE0C0849-6D4F-478B-B986-1CED68E9BE16}.Release|Any CPU.ActiveCfg = Release|Any CPU
		{FE0C0849-6D4F-478B-B986-1CED68E9BE16}.Release|Any CPU.Build.0 = Release|Any CPU
		{803E723A-FCA8-410C-8D89-649A096288CD}.Debug|Any CPU.ActiveCfg = Debug|Any CPU
		{803E723A-FCA8-410C-8D89-649A096288CD}.Debug|Any CPU.Build.0 = Debug|Any CPU
		{803E723A-FCA8-410C-8D89-649A096288CD}.Release|Any CPU.ActiveCfg = Release|Any CPU
		{803E723A-FCA8-410C-8D89-649A096288CD}.Release|Any CPU.Build.0 = Release|Any CPU
		{3B940FC5-9EAA-4990-AE22-BA0DCB0B204C}.Debug|Any CPU.ActiveCfg = Debug|Any CPU
		{3B940FC5-9EAA-4990-AE22-BA0DCB0B204C}.Debug|Any CPU.Build.0 = Debug|Any CPU
		{3B940FC5-9EAA-4990-AE22-BA0DCB0B204C}.Release|Any CPU.ActiveCfg = Release|Any CPU
		{3B940FC5-9EAA-4990-AE22-BA0DCB0B204C}.Release|Any CPU.Build.0 = Release|Any CPU
		{DAD62D6D-C222-4630-9379-3DC2AD5F61D9}.Debug|Any CPU.ActiveCfg = Debug|Any CPU
		{DAD62D6D-C222-4630-9379-3DC2AD5F61D9}.Debug|Any CPU.Build.0 = Debug|Any CPU
		{DAD62D6D-C222-4630-9379-3DC2AD5F61D9}.Release|Any CPU.ActiveCfg = Release|Any CPU
		{DAD62D6D-C222-4630-9379-3DC2AD5F61D9}.Release|Any CPU.Build.0 = Release|Any CPU
		{AF6EC9F7-5DBB-44E9-A591-9AC584617907}.Debug|Any CPU.ActiveCfg = Debug|Any CPU
		{AF6EC9F7-5DBB-44E9-A591-9AC584617907}.Debug|Any CPU.Build.0 = Debug|Any CPU
		{AF6EC9F7-5DBB-44E9-A591-9AC584617907}.Release|Any CPU.ActiveCfg = Release|Any CPU
		{AF6EC9F7-5DBB-44E9-A591-9AC584617907}.Release|Any CPU.Build.0 = Release|Any CPU
		{B8DBE82D-5A42-4A7F-A46E-86C9CBAA326E}.Debug|Any CPU.ActiveCfg = Debug|Any CPU
		{B8DBE82D-5A42-4A7F-A46E-86C9CBAA326E}.Debug|Any CPU.Build.0 = Debug|Any CPU
		{B8DBE82D-5A42-4A7F-A46E-86C9CBAA326E}.Release|Any CPU.ActiveCfg = Release|Any CPU
		{B8DBE82D-5A42-4A7F-A46E-86C9CBAA326E}.Release|Any CPU.Build.0 = Release|Any CPU
		{4D98A961-4C32-45F5-90B2-6CDB277957A4}.Debug|Any CPU.ActiveCfg = Debug|Any CPU
		{4D98A961-4C32-45F5-90B2-6CDB277957A4}.Debug|Any CPU.Build.0 = Debug|Any CPU
		{4D98A961-4C32-45F5-90B2-6CDB277957A4}.Release|Any CPU.ActiveCfg = Release|Any CPU
		{4D98A961-4C32-45F5-90B2-6CDB277957A4}.Release|Any CPU.Build.0 = Release|Any CPU
		{71EC7311-5EFA-4602-81B9-D36A4A85E834}.Debug|Any CPU.ActiveCfg = Debug|Any CPU
		{71EC7311-5EFA-4602-81B9-D36A4A85E834}.Debug|Any CPU.Build.0 = Debug|Any CPU
		{71EC7311-5EFA-4602-81B9-D36A4A85E834}.Release|Any CPU.ActiveCfg = Release|Any CPU
		{71EC7311-5EFA-4602-81B9-D36A4A85E834}.Release|Any CPU.Build.0 = Release|Any CPU
		{77BB1638-F0B1-47A4-B206-D82677BC94A9}.Debug|Any CPU.ActiveCfg = Debug|Any CPU
		{77BB1638-F0B1-47A4-B206-D82677BC94A9}.Debug|Any CPU.Build.0 = Debug|Any CPU
		{77BB1638-F0B1-47A4-B206-D82677BC94A9}.Release|Any CPU.ActiveCfg = Release|Any CPU
		{77BB1638-F0B1-47A4-B206-D82677BC94A9}.Release|Any CPU.Build.0 = Release|Any CPU
		{12C3F393-AC34-4A54-B6F8-5E61E3EDFF52}.Debug|Any CPU.ActiveCfg = Debug|Any CPU
		{12C3F393-AC34-4A54-B6F8-5E61E3EDFF52}.Debug|Any CPU.Build.0 = Debug|Any CPU
		{12C3F393-AC34-4A54-B6F8-5E61E3EDFF52}.Release|Any CPU.ActiveCfg = Release|Any CPU
		{12C3F393-AC34-4A54-B6F8-5E61E3EDFF52}.Release|Any CPU.Build.0 = Release|Any CPU
		{3A566697-F1CE-4602-973B-677F597D5E19}.Debug|Any CPU.ActiveCfg = Debug|Any CPU
		{3A566697-F1CE-4602-973B-677F597D5E19}.Debug|Any CPU.Build.0 = Debug|Any CPU
		{3A566697-F1CE-4602-973B-677F597D5E19}.Release|Any CPU.ActiveCfg = Release|Any CPU
		{3A566697-F1CE-4602-973B-677F597D5E19}.Release|Any CPU.Build.0 = Release|Any CPU
		{A08560F5-301F-4986-AF60-A4D879003E79}.Debug|Any CPU.ActiveCfg = Debug|Any CPU
		{A08560F5-301F-4986-AF60-A4D879003E79}.Debug|Any CPU.Build.0 = Debug|Any CPU
		{A08560F5-301F-4986-AF60-A4D879003E79}.Release|Any CPU.ActiveCfg = Release|Any CPU
		{A08560F5-301F-4986-AF60-A4D879003E79}.Release|Any CPU.Build.0 = Release|Any CPU
		{75F01488-5515-4908-AE2A-2DC85752834B}.Debug|Any CPU.ActiveCfg = Debug|Any CPU
		{75F01488-5515-4908-AE2A-2DC85752834B}.Debug|Any CPU.Build.0 = Debug|Any CPU
		{75F01488-5515-4908-AE2A-2DC85752834B}.Release|Any CPU.ActiveCfg = Release|Any CPU
		{75F01488-5515-4908-AE2A-2DC85752834B}.Release|Any CPU.Build.0 = Release|Any CPU
		{9104B5CE-1E02-45B8-9957-05C33BA77A6A}.Debug|Any CPU.ActiveCfg = Debug|Any CPU
		{9104B5CE-1E02-45B8-9957-05C33BA77A6A}.Debug|Any CPU.Build.0 = Debug|Any CPU
		{9104B5CE-1E02-45B8-9957-05C33BA77A6A}.Release|Any CPU.ActiveCfg = Release|Any CPU
		{9104B5CE-1E02-45B8-9957-05C33BA77A6A}.Release|Any CPU.Build.0 = Release|Any CPU
		{1087C9EF-DB20-44C6-81F5-79298B2D440A}.Debug|Any CPU.ActiveCfg = Debug|Any CPU
		{1087C9EF-DB20-44C6-81F5-79298B2D440A}.Debug|Any CPU.Build.0 = Debug|Any CPU
		{1087C9EF-DB20-44C6-81F5-79298B2D440A}.Release|Any CPU.ActiveCfg = Release|Any CPU
		{1087C9EF-DB20-44C6-81F5-79298B2D440A}.Release|Any CPU.Build.0 = Release|Any CPU
		{82499B55-AD9F-4731-B2B8-94381E0FAFC6}.Debug|Any CPU.ActiveCfg = Debug|Any CPU
		{82499B55-AD9F-4731-B2B8-94381E0FAFC6}.Debug|Any CPU.Build.0 = Debug|Any CPU
		{82499B55-AD9F-4731-B2B8-94381E0FAFC6}.Release|Any CPU.ActiveCfg = Release|Any CPU
		{82499B55-AD9F-4731-B2B8-94381E0FAFC6}.Release|Any CPU.Build.0 = Release|Any CPU
		{8D37E87D-B5E2-4E39-A260-01E40FA03104}.Debug|Any CPU.ActiveCfg = Debug|Any CPU
		{8D37E87D-B5E2-4E39-A260-01E40FA03104}.Debug|Any CPU.Build.0 = Debug|Any CPU
		{8D37E87D-B5E2-4E39-A260-01E40FA03104}.Release|Any CPU.ActiveCfg = Release|Any CPU
		{8D37E87D-B5E2-4E39-A260-01E40FA03104}.Release|Any CPU.Build.0 = Release|Any CPU
		{86AEFC03-A049-406E-9D57-95622162A412}.Debug|Any CPU.ActiveCfg = Debug|Any CPU
		{86AEFC03-A049-406E-9D57-95622162A412}.Debug|Any CPU.Build.0 = Debug|Any CPU
		{86AEFC03-A049-406E-9D57-95622162A412}.Release|Any CPU.ActiveCfg = Release|Any CPU
		{86AEFC03-A049-406E-9D57-95622162A412}.Release|Any CPU.Build.0 = Release|Any CPU
		{13312A4D-8A11-4E1B-B42A-1FC73472B6E4}.Debug|Any CPU.ActiveCfg = Debug|Any CPU
		{13312A4D-8A11-4E1B-B42A-1FC73472B6E4}.Debug|Any CPU.Build.0 = Debug|Any CPU
		{13312A4D-8A11-4E1B-B42A-1FC73472B6E4}.Release|Any CPU.ActiveCfg = Release|Any CPU
		{13312A4D-8A11-4E1B-B42A-1FC73472B6E4}.Release|Any CPU.Build.0 = Release|Any CPU
		{6829655B-2410-4F7C-B11A-D626BA8DB0F1}.Debug|Any CPU.ActiveCfg = Debug|Any CPU
		{6829655B-2410-4F7C-B11A-D626BA8DB0F1}.Debug|Any CPU.Build.0 = Debug|Any CPU
		{6829655B-2410-4F7C-B11A-D626BA8DB0F1}.Release|Any CPU.ActiveCfg = Release|Any CPU
		{6829655B-2410-4F7C-B11A-D626BA8DB0F1}.Release|Any CPU.Build.0 = Release|Any CPU
		{033E4362-688B-4EF5-B875-9D7A579D7FCD}.Debug|Any CPU.ActiveCfg = Debug|Any CPU
		{033E4362-688B-4EF5-B875-9D7A579D7FCD}.Debug|Any CPU.Build.0 = Debug|Any CPU
		{033E4362-688B-4EF5-B875-9D7A579D7FCD}.Release|Any CPU.ActiveCfg = Release|Any CPU
		{033E4362-688B-4EF5-B875-9D7A579D7FCD}.Release|Any CPU.Build.0 = Release|Any CPU
		{017E0640-47AF-43DA-9067-A0CA4C41B0A8}.Debug|Any CPU.ActiveCfg = Debug|Any CPU
		{017E0640-47AF-43DA-9067-A0CA4C41B0A8}.Debug|Any CPU.Build.0 = Debug|Any CPU
		{017E0640-47AF-43DA-9067-A0CA4C41B0A8}.Release|Any CPU.ActiveCfg = Release|Any CPU
		{017E0640-47AF-43DA-9067-A0CA4C41B0A8}.Release|Any CPU.Build.0 = Release|Any CPU
		{79EF5181-0E30-4E63-B666-BD1C38B71ACD}.Debug|Any CPU.ActiveCfg = Debug|Any CPU
		{79EF5181-0E30-4E63-B666-BD1C38B71ACD}.Debug|Any CPU.Build.0 = Debug|Any CPU
		{79EF5181-0E30-4E63-B666-BD1C38B71ACD}.Release|Any CPU.ActiveCfg = Release|Any CPU
		{79EF5181-0E30-4E63-B666-BD1C38B71ACD}.Release|Any CPU.Build.0 = Release|Any CPU
		{8F799820-4B62-4B91-A1A2-4B1237F0C269}.Debug|Any CPU.ActiveCfg = Debug|Any CPU
		{8F799820-4B62-4B91-A1A2-4B1237F0C269}.Debug|Any CPU.Build.0 = Debug|Any CPU
		{8F799820-4B62-4B91-A1A2-4B1237F0C269}.Release|Any CPU.ActiveCfg = Release|Any CPU
		{8F799820-4B62-4B91-A1A2-4B1237F0C269}.Release|Any CPU.Build.0 = Release|Any CPU
		{8D90867A-3737-42BB-BF26-3C73ACC9B725}.Debug|Any CPU.ActiveCfg = Debug|Any CPU
		{8D90867A-3737-42BB-BF26-3C73ACC9B725}.Debug|Any CPU.Build.0 = Debug|Any CPU
		{8D90867A-3737-42BB-BF26-3C73ACC9B725}.Release|Any CPU.ActiveCfg = Release|Any CPU
		{8D90867A-3737-42BB-BF26-3C73ACC9B725}.Release|Any CPU.Build.0 = Release|Any CPU
		{D64316C1-A558-4951-8F7B-A0407D5E665B}.Debug|Any CPU.ActiveCfg = Debug|Any CPU
		{D64316C1-A558-4951-8F7B-A0407D5E665B}.Debug|Any CPU.Build.0 = Debug|Any CPU
		{D64316C1-A558-4951-8F7B-A0407D5E665B}.Release|Any CPU.ActiveCfg = Release|Any CPU
		{D64316C1-A558-4951-8F7B-A0407D5E665B}.Release|Any CPU.Build.0 = Release|Any CPU
		{8615C901-97FF-457C-BF6E-7B67E5976DE7}.Debug|Any CPU.ActiveCfg = Debug|Any CPU
		{8615C901-97FF-457C-BF6E-7B67E5976DE7}.Debug|Any CPU.Build.0 = Debug|Any CPU
		{8615C901-97FF-457C-BF6E-7B67E5976DE7}.Release|Any CPU.ActiveCfg = Release|Any CPU
		{8615C901-97FF-457C-BF6E-7B67E5976DE7}.Release|Any CPU.Build.0 = Release|Any CPU
		{3496D2D7-9236-4894-A74F-BE5867A34627}.Debug|Any CPU.ActiveCfg = Debug|Any CPU
		{3496D2D7-9236-4894-A74F-BE5867A34627}.Debug|Any CPU.Build.0 = Debug|Any CPU
		{3496D2D7-9236-4894-A74F-BE5867A34627}.Release|Any CPU.ActiveCfg = Release|Any CPU
		{3496D2D7-9236-4894-A74F-BE5867A34627}.Release|Any CPU.Build.0 = Release|Any CPU
		{68867219-CB62-42B9-A0B8-2B0F7ADB406E}.Debug|Any CPU.ActiveCfg = Debug|Any CPU
		{68867219-CB62-42B9-A0B8-2B0F7ADB406E}.Debug|Any CPU.Build.0 = Debug|Any CPU
		{68867219-CB62-42B9-A0B8-2B0F7ADB406E}.Release|Any CPU.ActiveCfg = Release|Any CPU
		{68867219-CB62-42B9-A0B8-2B0F7ADB406E}.Release|Any CPU.Build.0 = Release|Any CPU
		{05452AE9-A8D2-4BE0-A439-2524F2A4EDE9}.Debug|Any CPU.ActiveCfg = Debug|Any CPU
		{05452AE9-A8D2-4BE0-A439-2524F2A4EDE9}.Debug|Any CPU.Build.0 = Debug|Any CPU
		{05452AE9-A8D2-4BE0-A439-2524F2A4EDE9}.Release|Any CPU.ActiveCfg = Release|Any CPU
		{05452AE9-A8D2-4BE0-A439-2524F2A4EDE9}.Release|Any CPU.Build.0 = Release|Any CPU
		{3CE800EC-8E59-4232-9EF1-8FF5D2CCC952}.Debug|Any CPU.ActiveCfg = Debug|Any CPU
		{3CE800EC-8E59-4232-9EF1-8FF5D2CCC952}.Debug|Any CPU.Build.0 = Debug|Any CPU
		{3CE800EC-8E59-4232-9EF1-8FF5D2CCC952}.Release|Any CPU.ActiveCfg = Release|Any CPU
		{3CE800EC-8E59-4232-9EF1-8FF5D2CCC952}.Release|Any CPU.Build.0 = Release|Any CPU
		{E3574A0B-289A-4658-94FE-5E566454555B}.Debug|Any CPU.ActiveCfg = Debug|Any CPU
		{E3574A0B-289A-4658-94FE-5E566454555B}.Debug|Any CPU.Build.0 = Debug|Any CPU
		{E3574A0B-289A-4658-94FE-5E566454555B}.Release|Any CPU.ActiveCfg = Release|Any CPU
		{E3574A0B-289A-4658-94FE-5E566454555B}.Release|Any CPU.Build.0 = Release|Any CPU
		{681C1695-C6F1-48F5-92E2-A20AEEF4541C}.Debug|Any CPU.ActiveCfg = Debug|Any CPU
		{681C1695-C6F1-48F5-92E2-A20AEEF4541C}.Debug|Any CPU.Build.0 = Debug|Any CPU
		{681C1695-C6F1-48F5-92E2-A20AEEF4541C}.Release|Any CPU.ActiveCfg = Release|Any CPU
		{681C1695-C6F1-48F5-92E2-A20AEEF4541C}.Release|Any CPU.Build.0 = Release|Any CPU
		{753A5294-CB9E-49D5-BB3B-793F78D572D2}.Debug|Any CPU.ActiveCfg = Debug|Any CPU
		{753A5294-CB9E-49D5-BB3B-793F78D572D2}.Debug|Any CPU.Build.0 = Debug|Any CPU
		{753A5294-CB9E-49D5-BB3B-793F78D572D2}.Release|Any CPU.ActiveCfg = Release|Any CPU
		{753A5294-CB9E-49D5-BB3B-793F78D572D2}.Release|Any CPU.Build.0 = Release|Any CPU
		{DF125958-E035-4ED0-A7D1-2B1B30472CA5}.Debug|Any CPU.ActiveCfg = Debug|Any CPU
		{DF125958-E035-4ED0-A7D1-2B1B30472CA5}.Debug|Any CPU.Build.0 = Debug|Any CPU
		{DF125958-E035-4ED0-A7D1-2B1B30472CA5}.Release|Any CPU.ActiveCfg = Release|Any CPU
		{DF125958-E035-4ED0-A7D1-2B1B30472CA5}.Release|Any CPU.Build.0 = Release|Any CPU
		{D661C3D6-0025-4F32-A5CF-D7522A1516E3}.Debug|Any CPU.ActiveCfg = Debug|Any CPU
		{D661C3D6-0025-4F32-A5CF-D7522A1516E3}.Debug|Any CPU.Build.0 = Debug|Any CPU
		{D661C3D6-0025-4F32-A5CF-D7522A1516E3}.Release|Any CPU.ActiveCfg = Release|Any CPU
		{D661C3D6-0025-4F32-A5CF-D7522A1516E3}.Release|Any CPU.Build.0 = Release|Any CPU
		{C3E586CC-7C87-49E1-9E1F-260A344A4015}.Debug|Any CPU.ActiveCfg = Debug|Any CPU
		{C3E586CC-7C87-49E1-9E1F-260A344A4015}.Debug|Any CPU.Build.0 = Debug|Any CPU
		{C3E586CC-7C87-49E1-9E1F-260A344A4015}.Release|Any CPU.ActiveCfg = Release|Any CPU
		{C3E586CC-7C87-49E1-9E1F-260A344A4015}.Release|Any CPU.Build.0 = Release|Any CPU
		{2F669123-FE2F-4B40-AB66-3362DD4D34E0}.Debug|Any CPU.ActiveCfg = Debug|Any CPU
		{2F669123-FE2F-4B40-AB66-3362DD4D34E0}.Debug|Any CPU.Build.0 = Debug|Any CPU
		{2F669123-FE2F-4B40-AB66-3362DD4D34E0}.Release|Any CPU.ActiveCfg = Release|Any CPU
		{2F669123-FE2F-4B40-AB66-3362DD4D34E0}.Release|Any CPU.Build.0 = Release|Any CPU
		{7B5A0EF1-C7DD-47CB-9B9F-CEFF689E63CD}.Debug|Any CPU.ActiveCfg = Debug|Any CPU
		{7B5A0EF1-C7DD-47CB-9B9F-CEFF689E63CD}.Debug|Any CPU.Build.0 = Debug|Any CPU
		{7B5A0EF1-C7DD-47CB-9B9F-CEFF689E63CD}.Release|Any CPU.ActiveCfg = Release|Any CPU
		{7B5A0EF1-C7DD-47CB-9B9F-CEFF689E63CD}.Release|Any CPU.Build.0 = Release|Any CPU
		{9681153B-2EA8-46FE-846C-55E8442DA2DB}.Debug|Any CPU.ActiveCfg = Debug|Any CPU
		{9681153B-2EA8-46FE-846C-55E8442DA2DB}.Debug|Any CPU.Build.0 = Debug|Any CPU
		{9681153B-2EA8-46FE-846C-55E8442DA2DB}.Release|Any CPU.ActiveCfg = Release|Any CPU
		{9681153B-2EA8-46FE-846C-55E8442DA2DB}.Release|Any CPU.Build.0 = Release|Any CPU
		{00522C59-D3CB-4E0A-8136-2B19961657F1}.Debug|Any CPU.ActiveCfg = Debug|Any CPU
		{00522C59-D3CB-4E0A-8136-2B19961657F1}.Debug|Any CPU.Build.0 = Debug|Any CPU
		{00522C59-D3CB-4E0A-8136-2B19961657F1}.Release|Any CPU.ActiveCfg = Release|Any CPU
		{00522C59-D3CB-4E0A-8136-2B19961657F1}.Release|Any CPU.Build.0 = Release|Any CPU
		{20FCA752-E587-419A-837E-764939393B9D}.Debug|Any CPU.ActiveCfg = Debug|Any CPU
		{20FCA752-E587-419A-837E-764939393B9D}.Debug|Any CPU.Build.0 = Debug|Any CPU
		{20FCA752-E587-419A-837E-764939393B9D}.Release|Any CPU.ActiveCfg = Release|Any CPU
		{20FCA752-E587-419A-837E-764939393B9D}.Release|Any CPU.Build.0 = Release|Any CPU
		{06DDB042-93BB-4C29-9498-70FB323443EA}.Debug|Any CPU.ActiveCfg = Debug|Any CPU
		{06DDB042-93BB-4C29-9498-70FB323443EA}.Debug|Any CPU.Build.0 = Debug|Any CPU
		{06DDB042-93BB-4C29-9498-70FB323443EA}.Release|Any CPU.ActiveCfg = Release|Any CPU
		{06DDB042-93BB-4C29-9498-70FB323443EA}.Release|Any CPU.Build.0 = Release|Any CPU
		{FACB543A-3131-4A14-BC19-3D7A67F82D62}.Debug|Any CPU.ActiveCfg = Debug|Any CPU
		{FACB543A-3131-4A14-BC19-3D7A67F82D62}.Debug|Any CPU.Build.0 = Debug|Any CPU
		{FACB543A-3131-4A14-BC19-3D7A67F82D62}.Release|Any CPU.ActiveCfg = Release|Any CPU
		{FACB543A-3131-4A14-BC19-3D7A67F82D62}.Release|Any CPU.Build.0 = Release|Any CPU
		{A8E0A69A-536B-40AF-A4E0-74B1217FED71}.Debug|Any CPU.ActiveCfg = Debug|Any CPU
		{A8E0A69A-536B-40AF-A4E0-74B1217FED71}.Debug|Any CPU.Build.0 = Debug|Any CPU
		{A8E0A69A-536B-40AF-A4E0-74B1217FED71}.Release|Any CPU.ActiveCfg = Release|Any CPU
		{A8E0A69A-536B-40AF-A4E0-74B1217FED71}.Release|Any CPU.Build.0 = Release|Any CPU
		{9BDEE6C8-46B8-468E-A65C-05FE9FEB82B8}.Debug|Any CPU.ActiveCfg = Debug|Any CPU
		{9BDEE6C8-46B8-468E-A65C-05FE9FEB82B8}.Debug|Any CPU.Build.0 = Debug|Any CPU
		{9BDEE6C8-46B8-468E-A65C-05FE9FEB82B8}.Release|Any CPU.ActiveCfg = Release|Any CPU
		{9BDEE6C8-46B8-468E-A65C-05FE9FEB82B8}.Release|Any CPU.Build.0 = Release|Any CPU
		{E6E080FF-C43F-4145-A236-185823A2310E}.Debug|Any CPU.ActiveCfg = Debug|Any CPU
		{E6E080FF-C43F-4145-A236-185823A2310E}.Debug|Any CPU.Build.0 = Debug|Any CPU
		{E6E080FF-C43F-4145-A236-185823A2310E}.Release|Any CPU.ActiveCfg = Release|Any CPU
		{E6E080FF-C43F-4145-A236-185823A2310E}.Release|Any CPU.Build.0 = Release|Any CPU
		{0F23A7D4-7B81-4223-854C-F30F6C9EE435}.Debug|Any CPU.ActiveCfg = Debug|Any CPU
		{0F23A7D4-7B81-4223-854C-F30F6C9EE435}.Debug|Any CPU.Build.0 = Debug|Any CPU
		{0F23A7D4-7B81-4223-854C-F30F6C9EE435}.Release|Any CPU.ActiveCfg = Release|Any CPU
		{0F23A7D4-7B81-4223-854C-F30F6C9EE435}.Release|Any CPU.Build.0 = Release|Any CPU
		{3D2EAF69-9EC9-409E-886A-064117B19E29}.Debug|Any CPU.ActiveCfg = Debug|Any CPU
		{3D2EAF69-9EC9-409E-886A-064117B19E29}.Debug|Any CPU.Build.0 = Debug|Any CPU
		{3D2EAF69-9EC9-409E-886A-064117B19E29}.Release|Any CPU.ActiveCfg = Release|Any CPU
		{3D2EAF69-9EC9-409E-886A-064117B19E29}.Release|Any CPU.Build.0 = Release|Any CPU
		{19B5C414-F879-4132-9F43-B0077B6D0DE5}.Debug|Any CPU.ActiveCfg = Debug|Any CPU
		{19B5C414-F879-4132-9F43-B0077B6D0DE5}.Debug|Any CPU.Build.0 = Debug|Any CPU
		{19B5C414-F879-4132-9F43-B0077B6D0DE5}.Release|Any CPU.ActiveCfg = Release|Any CPU
		{19B5C414-F879-4132-9F43-B0077B6D0DE5}.Release|Any CPU.Build.0 = Release|Any CPU
		{DA5A94C4-B6EA-410B-8F71-9D14E991A1FA}.Debug|Any CPU.ActiveCfg = Debug|Any CPU
		{DA5A94C4-B6EA-410B-8F71-9D14E991A1FA}.Debug|Any CPU.Build.0 = Debug|Any CPU
		{DA5A94C4-B6EA-410B-8F71-9D14E991A1FA}.Release|Any CPU.ActiveCfg = Release|Any CPU
		{DA5A94C4-B6EA-410B-8F71-9D14E991A1FA}.Release|Any CPU.Build.0 = Release|Any CPU
	EndGlobalSection
	GlobalSection(SolutionProperties) = preSolution
		HideSolutionNode = FALSE
	EndGlobalSection
	GlobalSection(NestedProjects) = preSolution
		{803E723A-FCA8-410C-8D89-649A096288CD} = {C0A64DA4-3D16-43D3-8EC0-5890D0DE2FB7}
		{3B940FC5-9EAA-4990-AE22-BA0DCB0B204C} = {C0A64DA4-3D16-43D3-8EC0-5890D0DE2FB7}
		{DAD62D6D-C222-4630-9379-3DC2AD5F61D9} = {C0A64DA4-3D16-43D3-8EC0-5890D0DE2FB7}
		{AF6EC9F7-5DBB-44E9-A591-9AC584617907} = {C0A64DA4-3D16-43D3-8EC0-5890D0DE2FB7}
		{B8DBE82D-5A42-4A7F-A46E-86C9CBAA326E} = {C0A64DA4-3D16-43D3-8EC0-5890D0DE2FB7}
	EndGlobalSection
EndGlobal
